
Microsoft Visual Studio Solution File, Format Version 12.00
# Visual Studio 2013
VisualStudioVersion = 12.0.21005.1
MinimumVisualStudioVersion = 10.0.40219.1
Project("{2150E333-8FDC-42A3-9474-1A3956D46DE8}") = "Solution Items", "Solution Items", "{F9C3BB7C-52B0-49CC-A32E-91B1CB70B452}"
	ProjectSection(SolutionItems) = preProject
		AllTest.vsmdi = AllTest.vsmdi
		LocalTestRun.testrunconfig = LocalTestRun.testrunconfig
	EndProjectSection
EndProject
Project("{FAE04EC0-301F-11D3-BF4B-00C04F79EFBC}") = "FormDesignerTest", "FormDesignerTest\FormDesignerTest.csproj", "{BB009BBB-B8B4-4B1F-9138-335897274A7D}"
EndProject
Project("{FAE04EC0-301F-11D3-BF4B-00C04F79EFBC}") = "GridRowTest", "GridRowTest\GridRowTest.csproj", "{1F8C4E20-7AC5-40E9-9FC6-73388CC16EE3}"
EndProject
Project("{FAE04EC0-301F-11D3-BF4B-00C04F79EFBC}") = "FormDesignerRef", "FormDesignerRef\FormDesignerRef.csproj", "{D98DE6D7-6736-49B4-96E4-C8962E0D3122}"
EndProject
Project("{FAE04EC0-301F-11D3-BF4B-00C04F79EFBC}") = "AttributeTest", "AttributeTest\AttributeTest.csproj", "{8C3C3201-5349-4D10-AB62-DA6705FF2583}"
EndProject
Project("{FAE04EC0-301F-11D3-BF4B-00C04F79EFBC}") = "OverrideTest", "OverrideTest\OverrideTest.csproj", "{A940F199-7EA6-40B4-AF62-4329114F0FFA}"
EndProject
Project("{FAE04EC0-301F-11D3-BF4B-00C04F79EFBC}") = "DataGridTest", "DataGridTest\DataGridTest.csproj", "{33C97589-ACD1-4648-90CE-F737EA1EA1BE}"
EndProject
Project("{FAE04EC0-301F-11D3-BF4B-00C04F79EFBC}") = "DialogResultTest", "DialogResultTest\DialogResultTest.csproj", "{5FA3A4B3-7173-4061-8315-3F5E5FC5335B}"
EndProject
Project("{FAE04EC0-301F-11D3-BF4B-00C04F79EFBC}") = "MutexTest", "MutexTest\MutexTest.csproj", "{8FD3C578-7377-4E69-BB2D-F1FDE8F1A09C}"
EndProject
Project("{FAE04EC0-301F-11D3-BF4B-00C04F79EFBC}") = "ThreadTest", "ThreadTest\ThreadTest.csproj", "{D1064B51-8DBB-4416-A19E-867188D0A6F5}"
EndProject
Project("{FAE04EC0-301F-11D3-BF4B-00C04F79EFBC}") = "ThreadTest2", "ThreadTest2\ThreadTest2.csproj", "{DE521480-8F52-4868-A6D2-2161CFB10718}"
EndProject
Project("{FAE04EC0-301F-11D3-BF4B-00C04F79EFBC}") = "WindowsThreadTest", "WindowsThreadTest\WindowsThreadTest.csproj", "{B77CFAD3-5105-411A-A6B9-7ECAFDAB4BF1}"
EndProject
Project("{FAE04EC0-301F-11D3-BF4B-00C04F79EFBC}") = "BaseDerivedTest", "BaseDerivedTest\BaseDerivedTest.csproj", "{2980F911-2CE9-4E6A-98C6-F4FFBE552CC2}"
EndProject
Project("{FAE04EC0-301F-11D3-BF4B-00C04F79EFBC}") = "RefTest", "RefTest\RefTest.csproj", "{38D0B4FE-C002-42D6-B086-537DA556FBA8}"
EndProject
Project("{FAE04EC0-301F-11D3-BF4B-00C04F79EFBC}") = "MiscTest", "MiscTest\MiscTest.csproj", "{C78F86A6-1123-4011-A8E6-5C478CDA4497}"
EndProject
Project("{FAE04EC0-301F-11D3-BF4B-00C04F79EFBC}") = "DataGridViewTest", "DataGridViewTest\DataGridViewTest.csproj", "{22A66FD8-F9E0-4B0A-AD73-42F25F774B3F}"
EndProject
Project("{FAE04EC0-301F-11D3-BF4B-00C04F79EFBC}") = "InterfaceTest", "InterfaceTest\InterfaceTest.csproj", "{841000B0-464A-429B-98E0-35A0536074B8}"
EndProject
Project("{FAE04EC0-301F-11D3-BF4B-00C04F79EFBC}") = "Algorithm", "Algorithm\Algorithm.csproj", "{7DDA9504-F79F-48B2-815D-5403932C2476}"
EndProject
Project("{FAE04EC0-301F-11D3-BF4B-00C04F79EFBC}") = "AlgorithmTest", "AlgorithmTest\AlgorithmTest.csproj", "{2098C059-FD55-4FBD-9050-FCEA567C96F0}"
EndProject
Project("{FAE04EC0-301F-11D3-BF4B-00C04F79EFBC}") = "ThreadSafeQueue", "ThreadSafeQueue\ThreadSafeQueue.csproj", "{981BD846-DA47-400A-8084-9A367F13ADB4}"
EndProject
Project("{FAE04EC0-301F-11D3-BF4B-00C04F79EFBC}") = "JasonServer", "JasonServer\JasonServer.csproj", "{ABF394E7-89FA-4ABB-9F22-914641488CFC}"
EndProject
Project("{FAE04EC0-301F-11D3-BF4B-00C04F79EFBC}") = "FBTest", "FBTest\FBTest.csproj", "{9EF1C23B-5FC0-4B87-8F8A-8F5111697C1B}"
EndProject
Project("{FAE04EC0-301F-11D3-BF4B-00C04F79EFBC}") = "StringTest", "StringTest\StringTest.csproj", "{6C7761A2-60AC-4196-B7BE-B3964C5B0C53}"
EndProject
Project("{FAE04EC0-301F-11D3-BF4B-00C04F79EFBC}") = "FBPS", "FBPS\FBPS.csproj", "{92B65E82-9756-43A1-89AA-6DF949D53D2E}"
EndProject
Project("{FAE04EC0-301F-11D3-BF4B-00C04F79EFBC}") = "Island", "Island\Island.csproj", "{B0D05DE5-865C-4136-9A79-45DA78897146}"
EndProject
Project("{FAE04EC0-301F-11D3-BF4B-00C04F79EFBC}") = "Expression", "Expresion\Expression.csproj", "{498ED2FA-FBFD-4536-BBCF-205EA784B9C3}"
EndProject
Project("{FAE04EC0-301F-11D3-BF4B-00C04F79EFBC}") = "TestMisc", "TestMisc\TestMisc.csproj", "{6AA1380C-F836-4783-B74F-CA147E7B83EC}"
EndProject
Project("{FAE04EC0-301F-11D3-BF4B-00C04F79EFBC}") = "SSRSSvcTest", "SSRSSvcTest\SSRSSvcTest.csproj", "{E88A4505-CC57-42E1-9DAE-B351E7C39C0A}"
EndProject
Project("{FAE04EC0-301F-11D3-BF4B-00C04F79EFBC}") = "SPListTest", "SPListTest\SPListTest\SPListTest.csproj", "{C2EE50C6-4D05-4CB0-AA4B-AC29B8D94F08}"
EndProject
Project("{FAE04EC0-301F-11D3-BF4B-00C04F79EFBC}") = "SPListTest2", "SPListTest2\SPListTest2.csproj", "{6069E193-39EC-425A-80E3-8F2D25B4EAE0}"
EndProject
Project("{FAE04EC0-301F-11D3-BF4B-00C04F79EFBC}") = "Encription", "Encrption\Encription.csproj", "{7B5A01F9-0FCA-481A-9BAA-EF52BEE4840D}"
EndProject
Project("{FAE04EC0-301F-11D3-BF4B-00C04F79EFBC}") = "StarMatch", "StarMatch\StarMatch.csproj", "{44D41C10-A14B-4134-AAA9-65A05A8E0E4A}"
EndProject
Project("{FAE04EC0-301F-11D3-BF4B-00C04F79EFBC}") = "GetMatchedTableTest", "GetMatchedTableTest\GetMatchedTableTest.csproj", "{6B7EDF9B-B595-4424-88E0-3DA0512BA589}"
EndProject
Project("{FAE04EC0-301F-11D3-BF4B-00C04F79EFBC}") = "VcClientTest", "VcClientTest\VcClientTest.csproj", "{18B1285B-033E-4C2F-A948-7593424926FD}"
EndProject
Project("{FAE04EC0-301F-11D3-BF4B-00C04F79EFBC}") = "DirCompare", "DirCompare\DirCompare.csproj", "{43339B74-EF6E-46F6-B326-0FE370185787}"
EndProject
Global
	GlobalSection(SolutionConfigurationPlatforms) = preSolution
		Debug|Any CPU = Debug|Any CPU
		Debug|Mixed Platforms = Debug|Mixed Platforms
		Debug|Win32 = Debug|Win32
		Debug|x86 = Debug|x86
		Release|Any CPU = Release|Any CPU
		Release|Mixed Platforms = Release|Mixed Platforms
		Release|Win32 = Release|Win32
		Release|x86 = Release|x86
	EndGlobalSection
	GlobalSection(ProjectConfigurationPlatforms) = postSolution
		{BB009BBB-B8B4-4B1F-9138-335897274A7D}.Debug|Any CPU.ActiveCfg = Debug|Any CPU
		{BB009BBB-B8B4-4B1F-9138-335897274A7D}.Debug|Any CPU.Build.0 = Debug|Any CPU
		{BB009BBB-B8B4-4B1F-9138-335897274A7D}.Debug|Mixed Platforms.ActiveCfg = Debug|Any CPU
		{BB009BBB-B8B4-4B1F-9138-335897274A7D}.Debug|Mixed Platforms.Build.0 = Debug|Any CPU
		{BB009BBB-B8B4-4B1F-9138-335897274A7D}.Debug|Win32.ActiveCfg = Debug|Any CPU
		{BB009BBB-B8B4-4B1F-9138-335897274A7D}.Debug|x86.ActiveCfg = Debug|Any CPU
		{BB009BBB-B8B4-4B1F-9138-335897274A7D}.Release|Any CPU.ActiveCfg = Release|Any CPU
		{BB009BBB-B8B4-4B1F-9138-335897274A7D}.Release|Any CPU.Build.0 = Release|Any CPU
		{BB009BBB-B8B4-4B1F-9138-335897274A7D}.Release|Mixed Platforms.ActiveCfg = Release|Any CPU
		{BB009BBB-B8B4-4B1F-9138-335897274A7D}.Release|Mixed Platforms.Build.0 = Release|Any CPU
		{BB009BBB-B8B4-4B1F-9138-335897274A7D}.Release|Win32.ActiveCfg = Release|Any CPU
		{BB009BBB-B8B4-4B1F-9138-335897274A7D}.Release|x86.ActiveCfg = Release|Any CPU
		{1F8C4E20-7AC5-40E9-9FC6-73388CC16EE3}.Debug|Any CPU.ActiveCfg = Debug|Any CPU
		{1F8C4E20-7AC5-40E9-9FC6-73388CC16EE3}.Debug|Any CPU.Build.0 = Debug|Any CPU
		{1F8C4E20-7AC5-40E9-9FC6-73388CC16EE3}.Debug|Mixed Platforms.ActiveCfg = Debug|Any CPU
		{1F8C4E20-7AC5-40E9-9FC6-73388CC16EE3}.Debug|Win32.ActiveCfg = Debug|Any CPU
		{1F8C4E20-7AC5-40E9-9FC6-73388CC16EE3}.Debug|x86.ActiveCfg = Debug|Any CPU
		{1F8C4E20-7AC5-40E9-9FC6-73388CC16EE3}.Release|Any CPU.ActiveCfg = Release|Any CPU
		{1F8C4E20-7AC5-40E9-9FC6-73388CC16EE3}.Release|Any CPU.Build.0 = Release|Any CPU
		{1F8C4E20-7AC5-40E9-9FC6-73388CC16EE3}.Release|Mixed Platforms.ActiveCfg = Release|Any CPU
		{1F8C4E20-7AC5-40E9-9FC6-73388CC16EE3}.Release|Win32.ActiveCfg = Release|Any CPU
		{1F8C4E20-7AC5-40E9-9FC6-73388CC16EE3}.Release|x86.ActiveCfg = Release|Any CPU
		{D98DE6D7-6736-49B4-96E4-C8962E0D3122}.Debug|Any CPU.ActiveCfg = Debug|Any CPU
		{D98DE6D7-6736-49B4-96E4-C8962E0D3122}.Debug|Any CPU.Build.0 = Debug|Any CPU
		{D98DE6D7-6736-49B4-96E4-C8962E0D3122}.Debug|Mixed Platforms.ActiveCfg = Debug|Any CPU
		{D98DE6D7-6736-49B4-96E4-C8962E0D3122}.Debug|Mixed Platforms.Build.0 = Debug|Any CPU
		{D98DE6D7-6736-49B4-96E4-C8962E0D3122}.Debug|Win32.ActiveCfg = Debug|Any CPU
		{D98DE6D7-6736-49B4-96E4-C8962E0D3122}.Debug|x86.ActiveCfg = Debug|Any CPU
		{D98DE6D7-6736-49B4-96E4-C8962E0D3122}.Release|Any CPU.ActiveCfg = Release|Any CPU
		{D98DE6D7-6736-49B4-96E4-C8962E0D3122}.Release|Any CPU.Build.0 = Release|Any CPU
		{D98DE6D7-6736-49B4-96E4-C8962E0D3122}.Release|Mixed Platforms.ActiveCfg = Release|Any CPU
		{D98DE6D7-6736-49B4-96E4-C8962E0D3122}.Release|Mixed Platforms.Build.0 = Release|Any CPU
		{D98DE6D7-6736-49B4-96E4-C8962E0D3122}.Release|Win32.ActiveCfg = Release|Any CPU
		{D98DE6D7-6736-49B4-96E4-C8962E0D3122}.Release|x86.ActiveCfg = Release|Any CPU
		{8C3C3201-5349-4D10-AB62-DA6705FF2583}.Debug|Any CPU.ActiveCfg = Debug|Any CPU
		{8C3C3201-5349-4D10-AB62-DA6705FF2583}.Debug|Any CPU.Build.0 = Debug|Any CPU
		{8C3C3201-5349-4D10-AB62-DA6705FF2583}.Debug|Mixed Platforms.ActiveCfg = Debug|Any CPU
		{8C3C3201-5349-4D10-AB62-DA6705FF2583}.Debug|Mixed Platforms.Build.0 = Debug|Any CPU
		{8C3C3201-5349-4D10-AB62-DA6705FF2583}.Debug|Win32.ActiveCfg = Debug|Any CPU
		{8C3C3201-5349-4D10-AB62-DA6705FF2583}.Debug|x86.ActiveCfg = Debug|Any CPU
		{8C3C3201-5349-4D10-AB62-DA6705FF2583}.Release|Any CPU.ActiveCfg = Release|Any CPU
		{8C3C3201-5349-4D10-AB62-DA6705FF2583}.Release|Any CPU.Build.0 = Release|Any CPU
		{8C3C3201-5349-4D10-AB62-DA6705FF2583}.Release|Mixed Platforms.ActiveCfg = Release|Any CPU
		{8C3C3201-5349-4D10-AB62-DA6705FF2583}.Release|Mixed Platforms.Build.0 = Release|Any CPU
		{8C3C3201-5349-4D10-AB62-DA6705FF2583}.Release|Win32.ActiveCfg = Release|Any CPU
		{8C3C3201-5349-4D10-AB62-DA6705FF2583}.Release|x86.ActiveCfg = Release|Any CPU
		{A940F199-7EA6-40B4-AF62-4329114F0FFA}.Debug|Any CPU.ActiveCfg = Debug|Any CPU
		{A940F199-7EA6-40B4-AF62-4329114F0FFA}.Debug|Any CPU.Build.0 = Debug|Any CPU
		{A940F199-7EA6-40B4-AF62-4329114F0FFA}.Debug|Mixed Platforms.ActiveCfg = Debug|Any CPU
		{A940F199-7EA6-40B4-AF62-4329114F0FFA}.Debug|Mixed Platforms.Build.0 = Debug|Any CPU
		{A940F199-7EA6-40B4-AF62-4329114F0FFA}.Debug|Win32.ActiveCfg = Debug|Any CPU
		{A940F199-7EA6-40B4-AF62-4329114F0FFA}.Debug|x86.ActiveCfg = Debug|Any CPU
		{A940F199-7EA6-40B4-AF62-4329114F0FFA}.Release|Any CPU.ActiveCfg = Release|Any CPU
		{A940F199-7EA6-40B4-AF62-4329114F0FFA}.Release|Any CPU.Build.0 = Release|Any CPU
		{A940F199-7EA6-40B4-AF62-4329114F0FFA}.Release|Mixed Platforms.ActiveCfg = Release|Any CPU
		{A940F199-7EA6-40B4-AF62-4329114F0FFA}.Release|Mixed Platforms.Build.0 = Release|Any CPU
		{A940F199-7EA6-40B4-AF62-4329114F0FFA}.Release|Win32.ActiveCfg = Release|Any CPU
		{A940F199-7EA6-40B4-AF62-4329114F0FFA}.Release|x86.ActiveCfg = Release|Any CPU
		{33C97589-ACD1-4648-90CE-F737EA1EA1BE}.Debug|Any CPU.ActiveCfg = Debug|Any CPU
		{33C97589-ACD1-4648-90CE-F737EA1EA1BE}.Debug|Any CPU.Build.0 = Debug|Any CPU
		{33C97589-ACD1-4648-90CE-F737EA1EA1BE}.Debug|Mixed Platforms.ActiveCfg = Debug|Any CPU
		{33C97589-ACD1-4648-90CE-F737EA1EA1BE}.Debug|Mixed Platforms.Build.0 = Debug|Any CPU
		{33C97589-ACD1-4648-90CE-F737EA1EA1BE}.Debug|Win32.ActiveCfg = Debug|Any CPU
		{33C97589-ACD1-4648-90CE-F737EA1EA1BE}.Debug|x86.ActiveCfg = Debug|Any CPU
		{33C97589-ACD1-4648-90CE-F737EA1EA1BE}.Release|Any CPU.ActiveCfg = Release|Any CPU
		{33C97589-ACD1-4648-90CE-F737EA1EA1BE}.Release|Any CPU.Build.0 = Release|Any CPU
		{33C97589-ACD1-4648-90CE-F737EA1EA1BE}.Release|Mixed Platforms.ActiveCfg = Release|Any CPU
		{33C97589-ACD1-4648-90CE-F737EA1EA1BE}.Release|Mixed Platforms.Build.0 = Release|Any CPU
		{33C97589-ACD1-4648-90CE-F737EA1EA1BE}.Release|Win32.ActiveCfg = Release|Any CPU
		{33C97589-ACD1-4648-90CE-F737EA1EA1BE}.Release|x86.ActiveCfg = Release|Any CPU
		{5FA3A4B3-7173-4061-8315-3F5E5FC5335B}.Debug|Any CPU.ActiveCfg = Debug|Any CPU
		{5FA3A4B3-7173-4061-8315-3F5E5FC5335B}.Debug|Any CPU.Build.0 = Debug|Any CPU
		{5FA3A4B3-7173-4061-8315-3F5E5FC5335B}.Debug|Mixed Platforms.ActiveCfg = Debug|Any CPU
		{5FA3A4B3-7173-4061-8315-3F5E5FC5335B}.Debug|Mixed Platforms.Build.0 = Debug|Any CPU
		{5FA3A4B3-7173-4061-8315-3F5E5FC5335B}.Debug|Win32.ActiveCfg = Debug|Any CPU
		{5FA3A4B3-7173-4061-8315-3F5E5FC5335B}.Debug|x86.ActiveCfg = Debug|Any CPU
		{5FA3A4B3-7173-4061-8315-3F5E5FC5335B}.Release|Any CPU.ActiveCfg = Release|Any CPU
		{5FA3A4B3-7173-4061-8315-3F5E5FC5335B}.Release|Any CPU.Build.0 = Release|Any CPU
		{5FA3A4B3-7173-4061-8315-3F5E5FC5335B}.Release|Mixed Platforms.ActiveCfg = Release|Any CPU
		{5FA3A4B3-7173-4061-8315-3F5E5FC5335B}.Release|Mixed Platforms.Build.0 = Release|Any CPU
		{5FA3A4B3-7173-4061-8315-3F5E5FC5335B}.Release|Win32.ActiveCfg = Release|Any CPU
		{5FA3A4B3-7173-4061-8315-3F5E5FC5335B}.Release|x86.ActiveCfg = Release|Any CPU
		{8FD3C578-7377-4E69-BB2D-F1FDE8F1A09C}.Debug|Any CPU.ActiveCfg = Debug|Any CPU
		{8FD3C578-7377-4E69-BB2D-F1FDE8F1A09C}.Debug|Any CPU.Build.0 = Debug|Any CPU
		{8FD3C578-7377-4E69-BB2D-F1FDE8F1A09C}.Debug|Mixed Platforms.ActiveCfg = Debug|Any CPU
		{8FD3C578-7377-4E69-BB2D-F1FDE8F1A09C}.Debug|Mixed Platforms.Build.0 = Debug|Any CPU
		{8FD3C578-7377-4E69-BB2D-F1FDE8F1A09C}.Debug|Win32.ActiveCfg = Debug|Any CPU
		{8FD3C578-7377-4E69-BB2D-F1FDE8F1A09C}.Debug|x86.ActiveCfg = Debug|Any CPU
		{8FD3C578-7377-4E69-BB2D-F1FDE8F1A09C}.Release|Any CPU.ActiveCfg = Release|Any CPU
		{8FD3C578-7377-4E69-BB2D-F1FDE8F1A09C}.Release|Any CPU.Build.0 = Release|Any CPU
		{8FD3C578-7377-4E69-BB2D-F1FDE8F1A09C}.Release|Mixed Platforms.ActiveCfg = Release|Any CPU
		{8FD3C578-7377-4E69-BB2D-F1FDE8F1A09C}.Release|Mixed Platforms.Build.0 = Release|Any CPU
		{8FD3C578-7377-4E69-BB2D-F1FDE8F1A09C}.Release|Win32.ActiveCfg = Release|Any CPU
		{8FD3C578-7377-4E69-BB2D-F1FDE8F1A09C}.Release|x86.ActiveCfg = Release|Any CPU
		{D1064B51-8DBB-4416-A19E-867188D0A6F5}.Debug|Any CPU.ActiveCfg = Debug|Any CPU
		{D1064B51-8DBB-4416-A19E-867188D0A6F5}.Debug|Any CPU.Build.0 = Debug|Any CPU
		{D1064B51-8DBB-4416-A19E-867188D0A6F5}.Debug|Mixed Platforms.ActiveCfg = Debug|Any CPU
		{D1064B51-8DBB-4416-A19E-867188D0A6F5}.Debug|Mixed Platforms.Build.0 = Debug|Any CPU
		{D1064B51-8DBB-4416-A19E-867188D0A6F5}.Debug|Win32.ActiveCfg = Debug|Any CPU
		{D1064B51-8DBB-4416-A19E-867188D0A6F5}.Debug|x86.ActiveCfg = Debug|Any CPU
		{D1064B51-8DBB-4416-A19E-867188D0A6F5}.Release|Any CPU.ActiveCfg = Release|Any CPU
		{D1064B51-8DBB-4416-A19E-867188D0A6F5}.Release|Any CPU.Build.0 = Release|Any CPU
		{D1064B51-8DBB-4416-A19E-867188D0A6F5}.Release|Mixed Platforms.ActiveCfg = Release|Any CPU
		{D1064B51-8DBB-4416-A19E-867188D0A6F5}.Release|Mixed Platforms.Build.0 = Release|Any CPU
		{D1064B51-8DBB-4416-A19E-867188D0A6F5}.Release|Win32.ActiveCfg = Release|Any CPU
		{D1064B51-8DBB-4416-A19E-867188D0A6F5}.Release|x86.ActiveCfg = Release|Any CPU
		{DE521480-8F52-4868-A6D2-2161CFB10718}.Debug|Any CPU.ActiveCfg = Debug|Any CPU
		{DE521480-8F52-4868-A6D2-2161CFB10718}.Debug|Any CPU.Build.0 = Debug|Any CPU
		{DE521480-8F52-4868-A6D2-2161CFB10718}.Debug|Mixed Platforms.ActiveCfg = Debug|Any CPU
		{DE521480-8F52-4868-A6D2-2161CFB10718}.Debug|Mixed Platforms.Build.0 = Debug|Any CPU
		{DE521480-8F52-4868-A6D2-2161CFB10718}.Debug|Win32.ActiveCfg = Debug|Any CPU
		{DE521480-8F52-4868-A6D2-2161CFB10718}.Debug|x86.ActiveCfg = Debug|Any CPU
		{DE521480-8F52-4868-A6D2-2161CFB10718}.Release|Any CPU.ActiveCfg = Release|Any CPU
		{DE521480-8F52-4868-A6D2-2161CFB10718}.Release|Any CPU.Build.0 = Release|Any CPU
		{DE521480-8F52-4868-A6D2-2161CFB10718}.Release|Mixed Platforms.ActiveCfg = Release|Any CPU
		{DE521480-8F52-4868-A6D2-2161CFB10718}.Release|Mixed Platforms.Build.0 = Release|Any CPU
		{DE521480-8F52-4868-A6D2-2161CFB10718}.Release|Win32.ActiveCfg = Release|Any CPU
		{DE521480-8F52-4868-A6D2-2161CFB10718}.Release|x86.ActiveCfg = Release|Any CPU
		{B77CFAD3-5105-411A-A6B9-7ECAFDAB4BF1}.Debug|Any CPU.ActiveCfg = Debug|Any CPU
		{B77CFAD3-5105-411A-A6B9-7ECAFDAB4BF1}.Debug|Any CPU.Build.0 = Debug|Any CPU
		{B77CFAD3-5105-411A-A6B9-7ECAFDAB4BF1}.Debug|Mixed Platforms.ActiveCfg = Debug|Any CPU
		{B77CFAD3-5105-411A-A6B9-7ECAFDAB4BF1}.Debug|Mixed Platforms.Build.0 = Debug|Any CPU
		{B77CFAD3-5105-411A-A6B9-7ECAFDAB4BF1}.Debug|Win32.ActiveCfg = Debug|Any CPU
		{B77CFAD3-5105-411A-A6B9-7ECAFDAB4BF1}.Debug|x86.ActiveCfg = Debug|Any CPU
		{B77CFAD3-5105-411A-A6B9-7ECAFDAB4BF1}.Release|Any CPU.ActiveCfg = Release|Any CPU
		{B77CFAD3-5105-411A-A6B9-7ECAFDAB4BF1}.Release|Any CPU.Build.0 = Release|Any CPU
		{B77CFAD3-5105-411A-A6B9-7ECAFDAB4BF1}.Release|Mixed Platforms.ActiveCfg = Release|Any CPU
		{B77CFAD3-5105-411A-A6B9-7ECAFDAB4BF1}.Release|Mixed Platforms.Build.0 = Release|Any CPU
		{B77CFAD3-5105-411A-A6B9-7ECAFDAB4BF1}.Release|Win32.ActiveCfg = Release|Any CPU
		{B77CFAD3-5105-411A-A6B9-7ECAFDAB4BF1}.Release|x86.ActiveCfg = Release|Any CPU
		{2980F911-2CE9-4E6A-98C6-F4FFBE552CC2}.Debug|Any CPU.ActiveCfg = Debug|Any CPU
		{2980F911-2CE9-4E6A-98C6-F4FFBE552CC2}.Debug|Any CPU.Build.0 = Debug|Any CPU
		{2980F911-2CE9-4E6A-98C6-F4FFBE552CC2}.Debug|Mixed Platforms.ActiveCfg = Debug|Any CPU
		{2980F911-2CE9-4E6A-98C6-F4FFBE552CC2}.Debug|Mixed Platforms.Build.0 = Debug|Any CPU
		{2980F911-2CE9-4E6A-98C6-F4FFBE552CC2}.Debug|Win32.ActiveCfg = Debug|Any CPU
		{2980F911-2CE9-4E6A-98C6-F4FFBE552CC2}.Debug|x86.ActiveCfg = Debug|Any CPU
		{2980F911-2CE9-4E6A-98C6-F4FFBE552CC2}.Release|Any CPU.ActiveCfg = Release|Any CPU
		{2980F911-2CE9-4E6A-98C6-F4FFBE552CC2}.Release|Any CPU.Build.0 = Release|Any CPU
		{2980F911-2CE9-4E6A-98C6-F4FFBE552CC2}.Release|Mixed Platforms.ActiveCfg = Release|Any CPU
		{2980F911-2CE9-4E6A-98C6-F4FFBE552CC2}.Release|Mixed Platforms.Build.0 = Release|Any CPU
		{2980F911-2CE9-4E6A-98C6-F4FFBE552CC2}.Release|Win32.ActiveCfg = Release|Any CPU
		{2980F911-2CE9-4E6A-98C6-F4FFBE552CC2}.Release|x86.ActiveCfg = Release|Any CPU
		{38D0B4FE-C002-42D6-B086-537DA556FBA8}.Debug|Any CPU.ActiveCfg = Debug|Any CPU
		{38D0B4FE-C002-42D6-B086-537DA556FBA8}.Debug|Any CPU.Build.0 = Debug|Any CPU
		{38D0B4FE-C002-42D6-B086-537DA556FBA8}.Debug|Mixed Platforms.ActiveCfg = Debug|Any CPU
		{38D0B4FE-C002-42D6-B086-537DA556FBA8}.Debug|Mixed Platforms.Build.0 = Debug|Any CPU
		{38D0B4FE-C002-42D6-B086-537DA556FBA8}.Debug|Win32.ActiveCfg = Debug|Any CPU
		{38D0B4FE-C002-42D6-B086-537DA556FBA8}.Debug|x86.ActiveCfg = Debug|Any CPU
		{38D0B4FE-C002-42D6-B086-537DA556FBA8}.Release|Any CPU.ActiveCfg = Release|Any CPU
		{38D0B4FE-C002-42D6-B086-537DA556FBA8}.Release|Any CPU.Build.0 = Release|Any CPU
		{38D0B4FE-C002-42D6-B086-537DA556FBA8}.Release|Mixed Platforms.ActiveCfg = Release|Any CPU
		{38D0B4FE-C002-42D6-B086-537DA556FBA8}.Release|Mixed Platforms.Build.0 = Release|Any CPU
		{38D0B4FE-C002-42D6-B086-537DA556FBA8}.Release|Win32.ActiveCfg = Release|Any CPU
		{38D0B4FE-C002-42D6-B086-537DA556FBA8}.Release|x86.ActiveCfg = Release|Any CPU
		{C78F86A6-1123-4011-A8E6-5C478CDA4497}.Debug|Any CPU.ActiveCfg = Debug|Any CPU
		{C78F86A6-1123-4011-A8E6-5C478CDA4497}.Debug|Any CPU.Build.0 = Debug|Any CPU
		{C78F86A6-1123-4011-A8E6-5C478CDA4497}.Debug|Mixed Platforms.ActiveCfg = Debug|Any CPU
		{C78F86A6-1123-4011-A8E6-5C478CDA4497}.Debug|Mixed Platforms.Build.0 = Debug|Any CPU
		{C78F86A6-1123-4011-A8E6-5C478CDA4497}.Debug|Win32.ActiveCfg = Debug|Any CPU
		{C78F86A6-1123-4011-A8E6-5C478CDA4497}.Debug|x86.ActiveCfg = Debug|Any CPU
		{C78F86A6-1123-4011-A8E6-5C478CDA4497}.Release|Any CPU.ActiveCfg = Release|Any CPU
		{C78F86A6-1123-4011-A8E6-5C478CDA4497}.Release|Any CPU.Build.0 = Release|Any CPU
		{C78F86A6-1123-4011-A8E6-5C478CDA4497}.Release|Mixed Platforms.ActiveCfg = Release|Any CPU
		{C78F86A6-1123-4011-A8E6-5C478CDA4497}.Release|Mixed Platforms.Build.0 = Release|Any CPU
		{C78F86A6-1123-4011-A8E6-5C478CDA4497}.Release|Win32.ActiveCfg = Release|Any CPU
		{C78F86A6-1123-4011-A8E6-5C478CDA4497}.Release|x86.ActiveCfg = Release|Any CPU
		{22A66FD8-F9E0-4B0A-AD73-42F25F774B3F}.Debug|Any CPU.ActiveCfg = Debug|Any CPU
		{22A66FD8-F9E0-4B0A-AD73-42F25F774B3F}.Debug|Any CPU.Build.0 = Debug|Any CPU
		{22A66FD8-F9E0-4B0A-AD73-42F25F774B3F}.Debug|Mixed Platforms.ActiveCfg = Debug|Any CPU
		{22A66FD8-F9E0-4B0A-AD73-42F25F774B3F}.Debug|Mixed Platforms.Build.0 = Debug|Any CPU
		{22A66FD8-F9E0-4B0A-AD73-42F25F774B3F}.Debug|Win32.ActiveCfg = Debug|Any CPU
		{22A66FD8-F9E0-4B0A-AD73-42F25F774B3F}.Debug|x86.ActiveCfg = Debug|Any CPU
		{22A66FD8-F9E0-4B0A-AD73-42F25F774B3F}.Release|Any CPU.ActiveCfg = Release|Any CPU
		{22A66FD8-F9E0-4B0A-AD73-42F25F774B3F}.Release|Any CPU.Build.0 = Release|Any CPU
		{22A66FD8-F9E0-4B0A-AD73-42F25F774B3F}.Release|Mixed Platforms.ActiveCfg = Release|Any CPU
		{22A66FD8-F9E0-4B0A-AD73-42F25F774B3F}.Release|Mixed Platforms.Build.0 = Release|Any CPU
		{22A66FD8-F9E0-4B0A-AD73-42F25F774B3F}.Release|Win32.ActiveCfg = Release|Any CPU
		{22A66FD8-F9E0-4B0A-AD73-42F25F774B3F}.Release|x86.ActiveCfg = Release|Any CPU
		{841000B0-464A-429B-98E0-35A0536074B8}.Debug|Any CPU.ActiveCfg = Debug|Any CPU
		{841000B0-464A-429B-98E0-35A0536074B8}.Debug|Any CPU.Build.0 = Debug|Any CPU
		{841000B0-464A-429B-98E0-35A0536074B8}.Debug|Mixed Platforms.ActiveCfg = Debug|Any CPU
		{841000B0-464A-429B-98E0-35A0536074B8}.Debug|Mixed Platforms.Build.0 = Debug|Any CPU
		{841000B0-464A-429B-98E0-35A0536074B8}.Debug|Win32.ActiveCfg = Debug|Any CPU
		{841000B0-464A-429B-98E0-35A0536074B8}.Debug|x86.ActiveCfg = Debug|Any CPU
		{841000B0-464A-429B-98E0-35A0536074B8}.Release|Any CPU.ActiveCfg = Release|Any CPU
		{841000B0-464A-429B-98E0-35A0536074B8}.Release|Any CPU.Build.0 = Release|Any CPU
		{841000B0-464A-429B-98E0-35A0536074B8}.Release|Mixed Platforms.ActiveCfg = Release|Any CPU
		{841000B0-464A-429B-98E0-35A0536074B8}.Release|Mixed Platforms.Build.0 = Release|Any CPU
		{841000B0-464A-429B-98E0-35A0536074B8}.Release|Win32.ActiveCfg = Release|Any CPU
		{841000B0-464A-429B-98E0-35A0536074B8}.Release|x86.ActiveCfg = Release|Any CPU
		{7DDA9504-F79F-48B2-815D-5403932C2476}.Debug|Any CPU.ActiveCfg = Debug|x86
		{7DDA9504-F79F-48B2-815D-5403932C2476}.Debug|Mixed Platforms.ActiveCfg = Debug|x86
		{7DDA9504-F79F-48B2-815D-5403932C2476}.Debug|Mixed Platforms.Build.0 = Debug|x86
		{7DDA9504-F79F-48B2-815D-5403932C2476}.Debug|Win32.ActiveCfg = Debug|x86
		{7DDA9504-F79F-48B2-815D-5403932C2476}.Debug|x86.ActiveCfg = Debug|x86
		{7DDA9504-F79F-48B2-815D-5403932C2476}.Debug|x86.Build.0 = Debug|x86
		{7DDA9504-F79F-48B2-815D-5403932C2476}.Release|Any CPU.ActiveCfg = Release|x86
		{7DDA9504-F79F-48B2-815D-5403932C2476}.Release|Mixed Platforms.ActiveCfg = Release|x86
		{7DDA9504-F79F-48B2-815D-5403932C2476}.Release|Mixed Platforms.Build.0 = Release|x86
		{7DDA9504-F79F-48B2-815D-5403932C2476}.Release|Win32.ActiveCfg = Release|x86
		{7DDA9504-F79F-48B2-815D-5403932C2476}.Release|x86.ActiveCfg = Release|x86
		{7DDA9504-F79F-48B2-815D-5403932C2476}.Release|x86.Build.0 = Release|x86
		{2098C059-FD55-4FBD-9050-FCEA567C96F0}.Debug|Any CPU.ActiveCfg = Debug|Any CPU
		{2098C059-FD55-4FBD-9050-FCEA567C96F0}.Debug|Any CPU.Build.0 = Debug|Any CPU
		{2098C059-FD55-4FBD-9050-FCEA567C96F0}.Debug|Mixed Platforms.ActiveCfg = Debug|Any CPU
		{2098C059-FD55-4FBD-9050-FCEA567C96F0}.Debug|Mixed Platforms.Build.0 = Debug|Any CPU
		{2098C059-FD55-4FBD-9050-FCEA567C96F0}.Debug|Win32.ActiveCfg = Debug|Any CPU
		{2098C059-FD55-4FBD-9050-FCEA567C96F0}.Debug|x86.ActiveCfg = Debug|Any CPU
		{2098C059-FD55-4FBD-9050-FCEA567C96F0}.Release|Any CPU.ActiveCfg = Release|Any CPU
		{2098C059-FD55-4FBD-9050-FCEA567C96F0}.Release|Any CPU.Build.0 = Release|Any CPU
		{2098C059-FD55-4FBD-9050-FCEA567C96F0}.Release|Mixed Platforms.ActiveCfg = Release|Any CPU
		{2098C059-FD55-4FBD-9050-FCEA567C96F0}.Release|Mixed Platforms.Build.0 = Release|Any CPU
		{2098C059-FD55-4FBD-9050-FCEA567C96F0}.Release|Win32.ActiveCfg = Release|Any CPU
		{2098C059-FD55-4FBD-9050-FCEA567C96F0}.Release|x86.ActiveCfg = Release|Any CPU
		{981BD846-DA47-400A-8084-9A367F13ADB4}.Debug|Any CPU.ActiveCfg = Debug|x86
		{981BD846-DA47-400A-8084-9A367F13ADB4}.Debug|Mixed Platforms.ActiveCfg = Debug|x86
		{981BD846-DA47-400A-8084-9A367F13ADB4}.Debug|Mixed Platforms.Build.0 = Debug|x86
		{981BD846-DA47-400A-8084-9A367F13ADB4}.Debug|Win32.ActiveCfg = Debug|x86
		{981BD846-DA47-400A-8084-9A367F13ADB4}.Debug|x86.ActiveCfg = Debug|x86
		{981BD846-DA47-400A-8084-9A367F13ADB4}.Debug|x86.Build.0 = Debug|x86
		{981BD846-DA47-400A-8084-9A367F13ADB4}.Release|Any CPU.ActiveCfg = Release|x86
		{981BD846-DA47-400A-8084-9A367F13ADB4}.Release|Mixed Platforms.ActiveCfg = Release|x86
		{981BD846-DA47-400A-8084-9A367F13ADB4}.Release|Mixed Platforms.Build.0 = Release|x86
		{981BD846-DA47-400A-8084-9A367F13ADB4}.Release|Win32.ActiveCfg = Release|x86
		{981BD846-DA47-400A-8084-9A367F13ADB4}.Release|x86.ActiveCfg = Release|x86
		{981BD846-DA47-400A-8084-9A367F13ADB4}.Release|x86.Build.0 = Release|x86
		{ABF394E7-89FA-4ABB-9F22-914641488CFC}.Debug|Any CPU.ActiveCfg = Debug|Any CPU
		{ABF394E7-89FA-4ABB-9F22-914641488CFC}.Debug|Any CPU.Build.0 = Debug|Any CPU
		{ABF394E7-89FA-4ABB-9F22-914641488CFC}.Debug|Mixed Platforms.ActiveCfg = Debug|Any CPU
		{ABF394E7-89FA-4ABB-9F22-914641488CFC}.Debug|Mixed Platforms.Build.0 = Debug|Any CPU
		{ABF394E7-89FA-4ABB-9F22-914641488CFC}.Debug|Win32.ActiveCfg = Debug|Any CPU
		{ABF394E7-89FA-4ABB-9F22-914641488CFC}.Debug|x86.ActiveCfg = Debug|Any CPU
		{ABF394E7-89FA-4ABB-9F22-914641488CFC}.Release|Any CPU.ActiveCfg = Release|Any CPU
		{ABF394E7-89FA-4ABB-9F22-914641488CFC}.Release|Any CPU.Build.0 = Release|Any CPU
		{ABF394E7-89FA-4ABB-9F22-914641488CFC}.Release|Mixed Platforms.ActiveCfg = Release|Any CPU
		{ABF394E7-89FA-4ABB-9F22-914641488CFC}.Release|Mixed Platforms.Build.0 = Release|Any CPU
		{ABF394E7-89FA-4ABB-9F22-914641488CFC}.Release|Win32.ActiveCfg = Release|Any CPU
		{ABF394E7-89FA-4ABB-9F22-914641488CFC}.Release|x86.ActiveCfg = Release|Any CPU
		{9EF1C23B-5FC0-4B87-8F8A-8F5111697C1B}.Debug|Any CPU.ActiveCfg = Debug|x86
		{9EF1C23B-5FC0-4B87-8F8A-8F5111697C1B}.Debug|Mixed Platforms.ActiveCfg = Debug|x86
		{9EF1C23B-5FC0-4B87-8F8A-8F5111697C1B}.Debug|Mixed Platforms.Build.0 = Debug|x86
		{9EF1C23B-5FC0-4B87-8F8A-8F5111697C1B}.Debug|Win32.ActiveCfg = Debug|x86
		{9EF1C23B-5FC0-4B87-8F8A-8F5111697C1B}.Debug|x86.ActiveCfg = Debug|x86
		{9EF1C23B-5FC0-4B87-8F8A-8F5111697C1B}.Debug|x86.Build.0 = Debug|x86
		{9EF1C23B-5FC0-4B87-8F8A-8F5111697C1B}.Release|Any CPU.ActiveCfg = Release|x86
		{9EF1C23B-5FC0-4B87-8F8A-8F5111697C1B}.Release|Mixed Platforms.ActiveCfg = Release|x86
		{9EF1C23B-5FC0-4B87-8F8A-8F5111697C1B}.Release|Mixed Platforms.Build.0 = Release|x86
		{9EF1C23B-5FC0-4B87-8F8A-8F5111697C1B}.Release|Win32.ActiveCfg = Release|x86
		{9EF1C23B-5FC0-4B87-8F8A-8F5111697C1B}.Release|x86.ActiveCfg = Release|x86
		{9EF1C23B-5FC0-4B87-8F8A-8F5111697C1B}.Release|x86.Build.0 = Release|x86
		{6C7761A2-60AC-4196-B7BE-B3964C5B0C53}.Debug|Any CPU.ActiveCfg = Debug|x86
		{6C7761A2-60AC-4196-B7BE-B3964C5B0C53}.Debug|Mixed Platforms.ActiveCfg = Debug|x86
		{6C7761A2-60AC-4196-B7BE-B3964C5B0C53}.Debug|Mixed Platforms.Build.0 = Debug|x86
		{6C7761A2-60AC-4196-B7BE-B3964C5B0C53}.Debug|Win32.ActiveCfg = Debug|x86
		{6C7761A2-60AC-4196-B7BE-B3964C5B0C53}.Debug|x86.ActiveCfg = Debug|x86
		{6C7761A2-60AC-4196-B7BE-B3964C5B0C53}.Debug|x86.Build.0 = Debug|x86
		{6C7761A2-60AC-4196-B7BE-B3964C5B0C53}.Release|Any CPU.ActiveCfg = Release|x86
		{6C7761A2-60AC-4196-B7BE-B3964C5B0C53}.Release|Mixed Platforms.ActiveCfg = Release|x86
		{6C7761A2-60AC-4196-B7BE-B3964C5B0C53}.Release|Mixed Platforms.Build.0 = Release|x86
		{6C7761A2-60AC-4196-B7BE-B3964C5B0C53}.Release|Win32.ActiveCfg = Release|x86
		{6C7761A2-60AC-4196-B7BE-B3964C5B0C53}.Release|x86.ActiveCfg = Release|x86
		{6C7761A2-60AC-4196-B7BE-B3964C5B0C53}.Release|x86.Build.0 = Release|x86
		{92B65E82-9756-43A1-89AA-6DF949D53D2E}.Debug|Any CPU.ActiveCfg = Debug|x86
		{92B65E82-9756-43A1-89AA-6DF949D53D2E}.Debug|Mixed Platforms.ActiveCfg = Debug|x86
		{92B65E82-9756-43A1-89AA-6DF949D53D2E}.Debug|Mixed Platforms.Build.0 = Debug|x86
		{92B65E82-9756-43A1-89AA-6DF949D53D2E}.Debug|Win32.ActiveCfg = Debug|x86
		{92B65E82-9756-43A1-89AA-6DF949D53D2E}.Debug|x86.ActiveCfg = Debug|x86
		{92B65E82-9756-43A1-89AA-6DF949D53D2E}.Debug|x86.Build.0 = Debug|x86
		{92B65E82-9756-43A1-89AA-6DF949D53D2E}.Release|Any CPU.ActiveCfg = Release|x86
		{92B65E82-9756-43A1-89AA-6DF949D53D2E}.Release|Mixed Platforms.ActiveCfg = Release|x86
		{92B65E82-9756-43A1-89AA-6DF949D53D2E}.Release|Mixed Platforms.Build.0 = Release|x86
		{92B65E82-9756-43A1-89AA-6DF949D53D2E}.Release|Win32.ActiveCfg = Release|x86
		{92B65E82-9756-43A1-89AA-6DF949D53D2E}.Release|x86.ActiveCfg = Release|x86
		{92B65E82-9756-43A1-89AA-6DF949D53D2E}.Release|x86.Build.0 = Release|x86
		{B0D05DE5-865C-4136-9A79-45DA78897146}.Debug|Any CPU.ActiveCfg = Debug|x86
		{B0D05DE5-865C-4136-9A79-45DA78897146}.Debug|Mixed Platforms.ActiveCfg = Debug|x86
		{B0D05DE5-865C-4136-9A79-45DA78897146}.Debug|Mixed Platforms.Build.0 = Debug|x86
		{B0D05DE5-865C-4136-9A79-45DA78897146}.Debug|Win32.ActiveCfg = Debug|x86
		{B0D05DE5-865C-4136-9A79-45DA78897146}.Debug|x86.ActiveCfg = Debug|x86
		{B0D05DE5-865C-4136-9A79-45DA78897146}.Debug|x86.Build.0 = Debug|x86
		{B0D05DE5-865C-4136-9A79-45DA78897146}.Release|Any CPU.ActiveCfg = Release|x86
		{B0D05DE5-865C-4136-9A79-45DA78897146}.Release|Mixed Platforms.ActiveCfg = Release|x86
		{B0D05DE5-865C-4136-9A79-45DA78897146}.Release|Mixed Platforms.Build.0 = Release|x86
		{B0D05DE5-865C-4136-9A79-45DA78897146}.Release|Win32.ActiveCfg = Release|x86
		{B0D05DE5-865C-4136-9A79-45DA78897146}.Release|x86.ActiveCfg = Release|x86
		{B0D05DE5-865C-4136-9A79-45DA78897146}.Release|x86.Build.0 = Release|x86
		{498ED2FA-FBFD-4536-BBCF-205EA784B9C3}.Debug|Any CPU.ActiveCfg = Debug|x86
		{498ED2FA-FBFD-4536-BBCF-205EA784B9C3}.Debug|Mixed Platforms.ActiveCfg = Debug|x86
		{498ED2FA-FBFD-4536-BBCF-205EA784B9C3}.Debug|Mixed Platforms.Build.0 = Debug|x86
		{498ED2FA-FBFD-4536-BBCF-205EA784B9C3}.Debug|Win32.ActiveCfg = Debug|x86
		{498ED2FA-FBFD-4536-BBCF-205EA784B9C3}.Debug|x86.ActiveCfg = Debug|x86
		{498ED2FA-FBFD-4536-BBCF-205EA784B9C3}.Debug|x86.Build.0 = Debug|x86
		{498ED2FA-FBFD-4536-BBCF-205EA784B9C3}.Release|Any CPU.ActiveCfg = Release|x86
		{498ED2FA-FBFD-4536-BBCF-205EA784B9C3}.Release|Mixed Platforms.ActiveCfg = Release|x86
		{498ED2FA-FBFD-4536-BBCF-205EA784B9C3}.Release|Mixed Platforms.Build.0 = Release|x86
		{498ED2FA-FBFD-4536-BBCF-205EA784B9C3}.Release|Win32.ActiveCfg = Release|x86
		{498ED2FA-FBFD-4536-BBCF-205EA784B9C3}.Release|x86.ActiveCfg = Release|x86
		{498ED2FA-FBFD-4536-BBCF-205EA784B9C3}.Release|x86.Build.0 = Release|x86
		{6AA1380C-F836-4783-B74F-CA147E7B83EC}.Debug|Any CPU.ActiveCfg = Debug|Any CPU
		{6AA1380C-F836-4783-B74F-CA147E7B83EC}.Debug|Any CPU.Build.0 = Debug|Any CPU
		{6AA1380C-F836-4783-B74F-CA147E7B83EC}.Debug|Mixed Platforms.ActiveCfg = Debug|Any CPU
		{6AA1380C-F836-4783-B74F-CA147E7B83EC}.Debug|Mixed Platforms.Build.0 = Debug|Any CPU
		{6AA1380C-F836-4783-B74F-CA147E7B83EC}.Debug|Win32.ActiveCfg = Debug|Any CPU
		{6AA1380C-F836-4783-B74F-CA147E7B83EC}.Debug|x86.ActiveCfg = Debug|Any CPU
		{6AA1380C-F836-4783-B74F-CA147E7B83EC}.Release|Any CPU.ActiveCfg = Release|Any CPU
		{6AA1380C-F836-4783-B74F-CA147E7B83EC}.Release|Any CPU.Build.0 = Release|Any CPU
		{6AA1380C-F836-4783-B74F-CA147E7B83EC}.Release|Mixed Platforms.ActiveCfg = Release|Any CPU
		{6AA1380C-F836-4783-B74F-CA147E7B83EC}.Release|Mixed Platforms.Build.0 = Release|Any CPU
		{6AA1380C-F836-4783-B74F-CA147E7B83EC}.Release|Win32.ActiveCfg = Release|Any CPU
		{6AA1380C-F836-4783-B74F-CA147E7B83EC}.Release|x86.ActiveCfg = Release|Any CPU
		{E88A4505-CC57-42E1-9DAE-B351E7C39C0A}.Debug|Any CPU.ActiveCfg = Debug|Any CPU
		{E88A4505-CC57-42E1-9DAE-B351E7C39C0A}.Debug|Any CPU.Build.0 = Debug|Any CPU
		{E88A4505-CC57-42E1-9DAE-B351E7C39C0A}.Debug|Mixed Platforms.ActiveCfg = Debug|Any CPU
		{E88A4505-CC57-42E1-9DAE-B351E7C39C0A}.Debug|Mixed Platforms.Build.0 = Debug|Any CPU
		{E88A4505-CC57-42E1-9DAE-B351E7C39C0A}.Debug|Win32.ActiveCfg = Debug|Any CPU
		{E88A4505-CC57-42E1-9DAE-B351E7C39C0A}.Debug|x86.ActiveCfg = Debug|Any CPU
		{E88A4505-CC57-42E1-9DAE-B351E7C39C0A}.Release|Any CPU.ActiveCfg = Release|Any CPU
		{E88A4505-CC57-42E1-9DAE-B351E7C39C0A}.Release|Any CPU.Build.0 = Release|Any CPU
		{E88A4505-CC57-42E1-9DAE-B351E7C39C0A}.Release|Mixed Platforms.ActiveCfg = Release|Any CPU
		{E88A4505-CC57-42E1-9DAE-B351E7C39C0A}.Release|Mixed Platforms.Build.0 = Release|Any CPU
		{E88A4505-CC57-42E1-9DAE-B351E7C39C0A}.Release|Win32.ActiveCfg = Release|Any CPU
		{E88A4505-CC57-42E1-9DAE-B351E7C39C0A}.Release|x86.ActiveCfg = Release|Any CPU
		{C2EE50C6-4D05-4CB0-AA4B-AC29B8D94F08}.Debug|Any CPU.ActiveCfg = Debug|Any CPU
		{C2EE50C6-4D05-4CB0-AA4B-AC29B8D94F08}.Debug|Any CPU.Build.0 = Debug|Any CPU
		{C2EE50C6-4D05-4CB0-AA4B-AC29B8D94F08}.Debug|Mixed Platforms.ActiveCfg = Debug|Any CPU
		{C2EE50C6-4D05-4CB0-AA4B-AC29B8D94F08}.Debug|Mixed Platforms.Build.0 = Debug|Any CPU
		{C2EE50C6-4D05-4CB0-AA4B-AC29B8D94F08}.Debug|Win32.ActiveCfg = Debug|Any CPU
		{C2EE50C6-4D05-4CB0-AA4B-AC29B8D94F08}.Debug|x86.ActiveCfg = Debug|Any CPU
		{C2EE50C6-4D05-4CB0-AA4B-AC29B8D94F08}.Release|Any CPU.ActiveCfg = Release|Any CPU
		{C2EE50C6-4D05-4CB0-AA4B-AC29B8D94F08}.Release|Any CPU.Build.0 = Release|Any CPU
		{C2EE50C6-4D05-4CB0-AA4B-AC29B8D94F08}.Release|Mixed Platforms.ActiveCfg = Release|Any CPU
		{C2EE50C6-4D05-4CB0-AA4B-AC29B8D94F08}.Release|Mixed Platforms.Build.0 = Release|Any CPU
		{C2EE50C6-4D05-4CB0-AA4B-AC29B8D94F08}.Release|Win32.ActiveCfg = Release|Any CPU
		{C2EE50C6-4D05-4CB0-AA4B-AC29B8D94F08}.Release|x86.ActiveCfg = Release|Any CPU
		{6069E193-39EC-425A-80E3-8F2D25B4EAE0}.Debug|Any CPU.ActiveCfg = Debug|Any CPU
		{6069E193-39EC-425A-80E3-8F2D25B4EAE0}.Debug|Any CPU.Build.0 = Debug|Any CPU
		{6069E193-39EC-425A-80E3-8F2D25B4EAE0}.Debug|Mixed Platforms.ActiveCfg = Debug|Any CPU
		{6069E193-39EC-425A-80E3-8F2D25B4EAE0}.Debug|Mixed Platforms.Build.0 = Debug|Any CPU
		{6069E193-39EC-425A-80E3-8F2D25B4EAE0}.Debug|Win32.ActiveCfg = Debug|Any CPU
		{6069E193-39EC-425A-80E3-8F2D25B4EAE0}.Debug|x86.ActiveCfg = Debug|Any CPU
		{6069E193-39EC-425A-80E3-8F2D25B4EAE0}.Release|Any CPU.ActiveCfg = Release|Any CPU
		{6069E193-39EC-425A-80E3-8F2D25B4EAE0}.Release|Any CPU.Build.0 = Release|Any CPU
		{6069E193-39EC-425A-80E3-8F2D25B4EAE0}.Release|Mixed Platforms.ActiveCfg = Release|Any CPU
		{6069E193-39EC-425A-80E3-8F2D25B4EAE0}.Release|Mixed Platforms.Build.0 = Release|Any CPU
		{6069E193-39EC-425A-80E3-8F2D25B4EAE0}.Release|Win32.ActiveCfg = Release|Any CPU
		{6069E193-39EC-425A-80E3-8F2D25B4EAE0}.Release|x86.ActiveCfg = Release|Any CPU
		{7B5A01F9-0FCA-481A-9BAA-EF52BEE4840D}.Debug|Any CPU.ActiveCfg = Debug|Any CPU
		{7B5A01F9-0FCA-481A-9BAA-EF52BEE4840D}.Debug|Any CPU.Build.0 = Debug|Any CPU
		{7B5A01F9-0FCA-481A-9BAA-EF52BEE4840D}.Debug|Mixed Platforms.ActiveCfg = Debug|Any CPU
		{7B5A01F9-0FCA-481A-9BAA-EF52BEE4840D}.Debug|Mixed Platforms.Build.0 = Debug|Any CPU
		{7B5A01F9-0FCA-481A-9BAA-EF52BEE4840D}.Debug|Win32.ActiveCfg = Debug|Any CPU
		{7B5A01F9-0FCA-481A-9BAA-EF52BEE4840D}.Debug|x86.ActiveCfg = Debug|Any CPU
		{7B5A01F9-0FCA-481A-9BAA-EF52BEE4840D}.Release|Any CPU.ActiveCfg = Release|Any CPU
		{7B5A01F9-0FCA-481A-9BAA-EF52BEE4840D}.Release|Any CPU.Build.0 = Release|Any CPU
		{7B5A01F9-0FCA-481A-9BAA-EF52BEE4840D}.Release|Mixed Platforms.ActiveCfg = Release|Any CPU
		{7B5A01F9-0FCA-481A-9BAA-EF52BEE4840D}.Release|Mixed Platforms.Build.0 = Release|Any CPU
		{7B5A01F9-0FCA-481A-9BAA-EF52BEE4840D}.Release|Win32.ActiveCfg = Release|Any CPU
		{7B5A01F9-0FCA-481A-9BAA-EF52BEE4840D}.Release|x86.ActiveCfg = Release|Any CPU
		{44D41C10-A14B-4134-AAA9-65A05A8E0E4A}.Debug|Any CPU.ActiveCfg = Debug|Any CPU
		{44D41C10-A14B-4134-AAA9-65A05A8E0E4A}.Debug|Any CPU.Build.0 = Debug|Any CPU
		{44D41C10-A14B-4134-AAA9-65A05A8E0E4A}.Debug|Mixed Platforms.ActiveCfg = Debug|Any CPU
		{44D41C10-A14B-4134-AAA9-65A05A8E0E4A}.Debug|Mixed Platforms.Build.0 = Debug|Any CPU
		{44D41C10-A14B-4134-AAA9-65A05A8E0E4A}.Debug|Win32.ActiveCfg = Debug|Any CPU
		{44D41C10-A14B-4134-AAA9-65A05A8E0E4A}.Debug|x86.ActiveCfg = Debug|Any CPU
		{44D41C10-A14B-4134-AAA9-65A05A8E0E4A}.Release|Any CPU.ActiveCfg = Release|Any CPU
		{44D41C10-A14B-4134-AAA9-65A05A8E0E4A}.Release|Any CPU.Build.0 = Release|Any CPU
		{44D41C10-A14B-4134-AAA9-65A05A8E0E4A}.Release|Mixed Platforms.ActiveCfg = Release|Any CPU
		{44D41C10-A14B-4134-AAA9-65A05A8E0E4A}.Release|Mixed Platforms.Build.0 = Release|Any CPU
		{44D41C10-A14B-4134-AAA9-65A05A8E0E4A}.Release|Win32.ActiveCfg = Release|Any CPU
		{44D41C10-A14B-4134-AAA9-65A05A8E0E4A}.Release|x86.ActiveCfg = Release|Any CPU
		{6B7EDF9B-B595-4424-88E0-3DA0512BA589}.Debug|Any CPU.ActiveCfg = Debug|Any CPU
		{6B7EDF9B-B595-4424-88E0-3DA0512BA589}.Debug|Any CPU.Build.0 = Debug|Any CPU
		{6B7EDF9B-B595-4424-88E0-3DA0512BA589}.Debug|Mixed Platforms.ActiveCfg = Debug|Any CPU
		{6B7EDF9B-B595-4424-88E0-3DA0512BA589}.Debug|Mixed Platforms.Build.0 = Debug|Any CPU
		{6B7EDF9B-B595-4424-88E0-3DA0512BA589}.Debug|Win32.ActiveCfg = Debug|Any CPU
		{6B7EDF9B-B595-4424-88E0-3DA0512BA589}.Debug|x86.ActiveCfg = Debug|Any CPU
		{6B7EDF9B-B595-4424-88E0-3DA0512BA589}.Release|Any CPU.ActiveCfg = Release|Any CPU
		{6B7EDF9B-B595-4424-88E0-3DA0512BA589}.Release|Any CPU.Build.0 = Release|Any CPU
		{6B7EDF9B-B595-4424-88E0-3DA0512BA589}.Release|Mixed Platforms.ActiveCfg = Release|Any CPU
		{6B7EDF9B-B595-4424-88E0-3DA0512BA589}.Release|Mixed Platforms.Build.0 = Release|Any CPU
		{6B7EDF9B-B595-4424-88E0-3DA0512BA589}.Release|Win32.ActiveCfg = Release|Any CPU
		{6B7EDF9B-B595-4424-88E0-3DA0512BA589}.Release|x86.ActiveCfg = Release|Any CPU
		{18B1285B-033E-4C2F-A948-7593424926FD}.Debug|Any CPU.ActiveCfg = Debug|Any CPU
		{18B1285B-033E-4C2F-A948-7593424926FD}.Debug|Any CPU.Build.0 = Debug|Any CPU
		{18B1285B-033E-4C2F-A948-7593424926FD}.Debug|Mixed Platforms.ActiveCfg = Debug|Any CPU
		{18B1285B-033E-4C2F-A948-7593424926FD}.Debug|Mixed Platforms.Build.0 = Debug|Any CPU
		{18B1285B-033E-4C2F-A948-7593424926FD}.Debug|Win32.ActiveCfg = Debug|Any CPU
		{18B1285B-033E-4C2F-A948-7593424926FD}.Debug|x86.ActiveCfg = Debug|Any CPU
		{18B1285B-033E-4C2F-A948-7593424926FD}.Release|Any CPU.ActiveCfg = Release|Any CPU
		{18B1285B-033E-4C2F-A948-7593424926FD}.Release|Any CPU.Build.0 = Release|Any CPU
		{18B1285B-033E-4C2F-A948-7593424926FD}.Release|Mixed Platforms.ActiveCfg = Release|Any CPU
		{18B1285B-033E-4C2F-A948-7593424926FD}.Release|Mixed Platforms.Build.0 = Release|Any CPU
		{18B1285B-033E-4C2F-A948-7593424926FD}.Release|Win32.ActiveCfg = Release|Any CPU
		{18B1285B-033E-4C2F-A948-7593424926FD}.Release|x86.ActiveCfg = Release|Any CPU
		{43339B74-EF6E-46F6-B326-0FE370185787}.Debug|Any CPU.ActiveCfg = Debug|Any CPU
		{43339B74-EF6E-46F6-B326-0FE370185787}.Debug|Any CPU.Build.0 = Debug|Any CPU
		{43339B74-EF6E-46F6-B326-0FE370185787}.Debug|Mixed Platforms.ActiveCfg = Debug|Any CPU
		{43339B74-EF6E-46F6-B326-0FE370185787}.Debug|Mixed Platforms.Build.0 = Debug|Any CPU
		{43339B74-EF6E-46F6-B326-0FE370185787}.Debug|Win32.ActiveCfg = Debug|Any CPU
		{43339B74-EF6E-46F6-B326-0FE370185787}.Debug|x86.ActiveCfg = Debug|Any CPU
		{43339B74-EF6E-46F6-B326-0FE370185787}.Release|Any CPU.ActiveCfg = Release|Any CPU
		{43339B74-EF6E-46F6-B326-0FE370185787}.Release|Any CPU.Build.0 = Release|Any CPU
		{43339B74-EF6E-46F6-B326-0FE370185787}.Release|Mixed Platforms.ActiveCfg = Release|Any CPU
		{43339B74-EF6E-46F6-B326-0FE370185787}.Release|Mixed Platforms.Build.0 = Release|Any CPU
		{43339B74-EF6E-46F6-B326-0FE370185787}.Release|Win32.ActiveCfg = Release|Any CPU
		{43339B74-EF6E-46F6-B326-0FE370185787}.Release|x86.ActiveCfg = Release|Any CPU
	EndGlobalSection
	GlobalSection(SolutionProperties) = preSolution
		HideSolutionNode = FALSE
	EndGlobalSection
	GlobalSection(TestCaseManagementSettings) = postSolution
		CategoryFile = AllTest.vsmdi
	EndGlobalSection
EndGlobal
